
Microsoft Visual Studio Solution File, Format Version 12.00
# Visual Studio 15
Project("{FAE04EC0-301F-11D3-BF4B-00C04F79EFBC}") = "Assembly-CSharp", "Assembly-CSharp.csproj", "{B2B94E45-BAC7-DFFA-1872-B47B0143328A}"
EndProject
Project("{FAE04EC0-301F-11D3-BF4B-00C04F79EFBC}") = "Assembly-CSharp-Editor", "Assembly-CSharp-Editor.csproj", "{26960AE9-7D2D-F52F-3631-34300C22BCE2}"
EndProject
Global
	GlobalSection(SolutionConfigurationPlatforms) = preSolution
		Debug|Any CPU = Debug|Any CPU
		Release|Any CPU = Release|Any CPU
	EndGlobalSection
	GlobalSection(ProjectConfigurationPlatforms) = postSolution
		{B2B94E45-BAC7-DFFA-1872-B47B0143328A}.Debug|Any CPU.ActiveCfg = Debug|Any CPU
		{B2B94E45-BAC7-DFFA-1872-B47B0143328A}.Debug|Any CPU.Build.0 = Debug|Any CPU
		{B2B94E45-BAC7-DFFA-1872-B47B0143328A}.Release|Any CPU.ActiveCfg = Release|Any CPU
		{B2B94E45-BAC7-DFFA-1872-B47B0143328A}.Release|Any CPU.Build.0 = Release|Any CPU
		{26960AE9-7D2D-F52F-3631-34300C22BCE2}.Debug|Any CPU.ActiveCfg = Debug|Any CPU
		{26960AE9-7D2D-F52F-3631-34300C22BCE2}.Debug|Any CPU.Build.0 = Debug|Any CPU
		{26960AE9-7D2D-F52F-3631-34300C22BCE2}.Release|Any CPU.ActiveCfg = Release|Any CPU
		{26960AE9-7D2D-F52F-3631-34300C22BCE2}.Release|Any CPU.Build.0 = Release|Any CPU
	EndGlobalSection
	GlobalSection(SolutionProperties) = preSolution
		HideSolutionNode = FALSE
	EndGlobalSection
EndGlobal
